
Microsoft Visual Studio Solution File, Format Version 12.00
# Visual Studio Version 16
VisualStudioVersion = 16.0.30517.126
MinimumVisualStudioVersion = 10.0.40219.1
Project("{9A19103F-16F7-4668-BE54-9A1E7A4F7556}") = "runtime42736", "runtime42736.csproj", "{178ECE07-2FE3-44C4-BDF9-155E62D5FC69}"
EndProject
Global
	GlobalSection(SolutionConfigurationPlatforms) = preSolution
		Debug|Any CPU = Debug|Any CPU
		Release|Any CPU = Release|Any CPU
	EndGlobalSection
	GlobalSection(ProjectConfigurationPlatforms) = postSolution
		{178ECE07-2FE3-44C4-BDF9-155E62D5FC69}.Debug|Any CPU.ActiveCfg = Debug|Any CPU
		{178ECE07-2FE3-44C4-BDF9-155E62D5FC69}.Debug|Any CPU.Build.0 = Debug|Any CPU
		{178ECE07-2FE3-44C4-BDF9-155E62D5FC69}.Release|Any CPU.ActiveCfg = Release|Any CPU
		{178ECE07-2FE3-44C4-BDF9-155E62D5FC69}.Release|Any CPU.Build.0 = Release|Any CPU
	EndGlobalSection
	GlobalSection(SolutionProperties) = preSolution
		HideSolutionNode = FALSE
	EndGlobalSection
	GlobalSection(ExtensibilityGlobals) = postSolution
		SolutionGuid = {4F1CDCF5-F083-46CC-B194-6168CCDF45BC}
	EndGlobalSection
EndGlobal
